// !$*UTF8*$!
{
	archiveVersion = 1;
	classes = {
	};
	objectVersion = 50;
	objects = {

/* Begin PBXBuildFile section */
		687C16942737088900587F19 /* EYES.mp3 in Resources */ = {isa = PBXBuildFile; fileRef = 687C16892737088900587F19 /* EYES.mp3 */; };
		687C16952737088900587F19 /* 언젠가 우리의 밤도 지나가겠죠 (SOMEDAY) 2.mp3 in Resources */ = {isa = PBXBuildFile; fileRef = 687C168A2737088900587F19 /* 언젠가 우리의 밤도 지나가겠죠 (SOMEDAY) 2.mp3 */; };
		687C16962737088900587F19 /* 우연이 아니야 (DESTINY) 2.mp3 in Resources */ = {isa = PBXBuildFile; fileRef = 687C168B2737088900587F19 /* 우연이 아니야 (DESTINY) 2.mp3 */; };
		687C16972737088900587F19 /* YOU & I.mp3 in Resources */ = {isa = PBXBuildFile; fileRef = 687C168C2737088900587F19 /* YOU & I.mp3 */; };
		687C16982737088900587F19 /* PINK BLUSHER.mp3 in Resources */ = {isa = PBXBuildFile; fileRef = 687C168D2737088900587F19 /* PINK BLUSHER.mp3 */; };
		687C16992737088900587F19 /* SO CURIOUS.mp3 in Resources */ = {isa = PBXBuildFile; fileRef = 687C168E2737088900587F19 /* SO CURIOUS.mp3 */; };
		687C169A2737088900587F19 /* AYAYAYA.mp3 in Resources */ = {isa = PBXBuildFile; fileRef = 687C168F2737088900587F19 /* AYAYAYA.mp3 */; };
		687C169B2737088900587F19 /* DREAMLIKE.mp3 in Resources */ = {isa = PBXBuildFile; fileRef = 687C16902737088900587F19 /* DREAMLIKE.mp3 */; };
		687C169C2737088900587F19 /* OPEN YOUR EYES.mp3 in Resources */ = {isa = PBXBuildFile; fileRef = 687C16912737088900587F19 /* OPEN YOUR EYES.mp3 */; };
		687C169D2737088900587F19 /* SPACESHIP.mp3 in Resources */ = {isa = PBXBuildFile; fileRef = 687C16922737088900587F19 /* SPACESHIP.mp3 */; };
		687C169E2737088900587F19 /* DAYDREAM.mp3 in Resources */ = {isa = PBXBuildFile; fileRef = 687C16932737088900587F19 /* DAYDREAM.mp3 */; };
		68DDB162272E97140053602E /* IZ_ONE_iOSAPPApp.swift in Sources */ = {isa = PBXBuildFile; fileRef = 68DDB161272E97140053602E /* IZ_ONE_iOSAPPApp.swift */; };
		68DDB164272E97140053602E /* ContentView.swift in Sources */ = {isa = PBXBuildFile; fileRef = 68DDB163272E97140053602E /* ContentView.swift */; };
		68DDB166272E97140053602E /* Assets.xcassets in Resources */ = {isa = PBXBuildFile; fileRef = 68DDB165272E97140053602E /* Assets.xcassets */; };
		68DDB169272E97140053602E /* Preview Assets.xcassets in Resources */ = {isa = PBXBuildFile; fileRef = 68DDB168272E97140053602E /* Preview Assets.xcassets */; };
		68DDB171272E9D580053602E /* mainView.swift in Sources */ = {isa = PBXBuildFile; fileRef = 68DDB170272E9D580053602E /* mainView.swift */; };
		68DDB175272E9D8F0053602E /* musicView.swift in Sources */ = {isa = PBXBuildFile; fileRef = 68DDB174272E9D8F0053602E /* musicView.swift */; };
		68DDB177272E9D9F0053602E /* moreView.swift in Sources */ = {isa = PBXBuildFile; fileRef = 68DDB176272E9D9F0053602E /* moreView.swift */; };
		68DDB190273182270053602E /* dataFile.swift in Sources */ = {isa = PBXBuildFile; fileRef = 68DDB18F273182270053602E /* dataFile.swift */; };
		68DDB1A527355C1F0053602E /* MemberView.swift in Sources */ = {isa = PBXBuildFile; fileRef = 68DDB1A427355C1F0053602E /* MemberView.swift */; };
/* End PBXBuildFile section */

/* Begin PBXFileReference section */
		687C16892737088900587F19 /* EYES.mp3 */ = {isa = PBXFileReference; lastKnownFileType = audio.mp3; path = EYES.mp3; sourceTree = "<group>"; };
		687C168A2737088900587F19 /* 언젠가 우리의 밤도 지나가겠죠 (SOMEDAY) 2.mp3 */ = {isa = PBXFileReference; lastKnownFileType = audio.mp3; path = "언젠가 우리의 밤도 지나가겠죠 (SOMEDAY) 2.mp3"; sourceTree = "<group>"; };
		687C168B2737088900587F19 /* 우연이 아니야 (DESTINY) 2.mp3 */ = {isa = PBXFileReference; lastKnownFileType = audio.mp3; path = "우연이 아니야 (DESTINY) 2.mp3"; sourceTree = "<group>"; };
		687C168C2737088900587F19 /* YOU & I.mp3 */ = {isa = PBXFileReference; lastKnownFileType = audio.mp3; path = "YOU & I.mp3"; sourceTree = "<group>"; };
		687C168D2737088900587F19 /* PINK BLUSHER.mp3 */ = {isa = PBXFileReference; lastKnownFileType = audio.mp3; path = "PINK BLUSHER.mp3"; sourceTree = "<group>"; };
		687C168E2737088900587F19 /* SO CURIOUS.mp3 */ = {isa = PBXFileReference; lastKnownFileType = audio.mp3; path = "SO CURIOUS.mp3"; sourceTree = "<group>"; };
		687C168F2737088900587F19 /* AYAYAYA.mp3 */ = {isa = PBXFileReference; lastKnownFileType = audio.mp3; path = AYAYAYA.mp3; sourceTree = "<group>"; };
		687C16902737088900587F19 /* DREAMLIKE.mp3 */ = {isa = PBXFileReference; lastKnownFileType = audio.mp3; path = DREAMLIKE.mp3; sourceTree = "<group>"; };
		687C16912737088900587F19 /* OPEN YOUR EYES.mp3 */ = {isa = PBXFileReference; lastKnownFileType = audio.mp3; path = "OPEN YOUR EYES.mp3"; sourceTree = "<group>"; };
		687C16922737088900587F19 /* SPACESHIP.mp3 */ = {isa = PBXFileReference; lastKnownFileType = audio.mp3; path = SPACESHIP.mp3; sourceTree = "<group>"; };
		687C16932737088900587F19 /* DAYDREAM.mp3 */ = {isa = PBXFileReference; lastKnownFileType = audio.mp3; path = DAYDREAM.mp3; sourceTree = "<group>"; };
		68DDB15E272E97140053602E /* IZ*ONE_iOSAPP.app */ = {isa = PBXFileReference; explicitFileType = wrapper.application; includeInIndex = 0; path = "IZ*ONE_iOSAPP.app"; sourceTree = BUILT_PRODUCTS_DIR; };
		68DDB161272E97140053602E /* IZ_ONE_iOSAPPApp.swift */ = {isa = PBXFileReference; lastKnownFileType = sourcecode.swift; path = IZ_ONE_iOSAPPApp.swift; sourceTree = "<group>"; };
		68DDB163272E97140053602E /* ContentView.swift */ = {isa = PBXFileReference; lastKnownFileType = sourcecode.swift; path = ContentView.swift; sourceTree = "<group>"; };
		68DDB165272E97140053602E /* Assets.xcassets */ = {isa = PBXFileReference; lastKnownFileType = folder.assetcatalog; path = Assets.xcassets; sourceTree = "<group>"; };
		68DDB168272E97140053602E /* Preview Assets.xcassets */ = {isa = PBXFileReference; lastKnownFileType = folder.assetcatalog; path = "Preview Assets.xcassets"; sourceTree = "<group>"; };
		68DDB16A272E97140053602E /* Info.plist */ = {isa = PBXFileReference; lastKnownFileType = text.plist.xml; path = Info.plist; sourceTree = "<group>"; };
		68DDB170272E9D580053602E /* mainView.swift */ = {isa = PBXFileReference; lastKnownFileType = sourcecode.swift; path = mainView.swift; sourceTree = "<group>"; };
		68DDB174272E9D8F0053602E /* musicView.swift */ = {isa = PBXFileReference; lastKnownFileType = sourcecode.swift; path = musicView.swift; sourceTree = "<group>"; };
		68DDB176272E9D9F0053602E /* moreView.swift */ = {isa = PBXFileReference; lastKnownFileType = sourcecode.swift; path = moreView.swift; sourceTree = "<group>"; };
		68DDB18A272F022B0053602E /* IZ*ONE_iOSAPP.entitlements */ = {isa = PBXFileReference; lastKnownFileType = text.plist.entitlements; path = "IZ*ONE_iOSAPP.entitlements"; sourceTree = "<group>"; };
		68DDB18F273182270053602E /* dataFile.swift */ = {isa = PBXFileReference; lastKnownFileType = sourcecode.swift; path = dataFile.swift; sourceTree = "<group>"; };
		68DDB1A427355C1F0053602E /* MemberView.swift */ = {isa = PBXFileReference; lastKnownFileType = sourcecode.swift; path = MemberView.swift; sourceTree = "<group>"; };
/* End PBXFileReference section */

/* Begin PBXFrameworksBuildPhase section */
		68DDB15B272E97140053602E /* Frameworks */ = {
			isa = PBXFrameworksBuildPhase;
			buildActionMask = 2147483647;
			files = (
			);
			runOnlyForDeploymentPostprocessing = 0;
		};
/* End PBXFrameworksBuildPhase section */

/* Begin PBXGroup section */
		687C16882737088900587F19 /* music */ = {
			isa = PBXGroup;
			children = (
				687C16892737088900587F19 /* EYES.mp3 */,
				687C168A2737088900587F19 /* 언젠가 우리의 밤도 지나가겠죠 (SOMEDAY) 2.mp3 */,
				687C168B2737088900587F19 /* 우연이 아니야 (DESTINY) 2.mp3 */,
				687C168C2737088900587F19 /* YOU & I.mp3 */,
				687C168D2737088900587F19 /* PINK BLUSHER.mp3 */,
				687C168E2737088900587F19 /* SO CURIOUS.mp3 */,
				687C168F2737088900587F19 /* AYAYAYA.mp3 */,
				687C16902737088900587F19 /* DREAMLIKE.mp3 */,
				687C16912737088900587F19 /* OPEN YOUR EYES.mp3 */,
				687C16922737088900587F19 /* SPACESHIP.mp3 */,
				687C16932737088900587F19 /* DAYDREAM.mp3 */,
			);
			path = music;
			sourceTree = "<group>";
		};
		68DDB155272E97140053602E = {
			isa = PBXGroup;
			children = (
				68DDB160272E97140053602E /* IZ*ONE_iOSAPP */,
				68DDB15F272E97140053602E /* Products */,
			);
			sourceTree = "<group>";
		};
		68DDB15F272E97140053602E /* Products */ = {
			isa = PBXGroup;
			children = (
				68DDB15E272E97140053602E /* IZ*ONE_iOSAPP.app */,
			);
			name = Products;
			sourceTree = "<group>";
		};
		68DDB160272E97140053602E /* IZ*ONE_iOSAPP */ = {
			isa = PBXGroup;
			children = (
				68DDB18A272F022B0053602E /* IZ*ONE_iOSAPP.entitlements */,
				68DDB161272E97140053602E /* IZ_ONE_iOSAPPApp.swift */,
				68DDB1A427355C1F0053602E /* MemberView.swift */,
				68DDB163272E97140053602E /* ContentView.swift */,
				68DDB174272E9D8F0053602E /* musicView.swift */,
				68DDB176272E9D9F0053602E /* moreView.swift */,
				687C16882737088900587F19 /* music */,
				68DDB170272E9D580053602E /* mainView.swift */,
				68DDB18F273182270053602E /* dataFile.swift */,
				68DDB165272E97140053602E /* Assets.xcassets */,
				68DDB16A272E97140053602E /* Info.plist */,
				68DDB167272E97140053602E /* Preview Content */,
			);
			path = "IZ*ONE_iOSAPP";
			sourceTree = "<group>";
		};
		68DDB167272E97140053602E /* Preview Content */ = {
			isa = PBXGroup;
			children = (
				68DDB168272E97140053602E /* Preview Assets.xcassets */,
			);
			path = "Preview Content";
			sourceTree = "<group>";
		};
/* End PBXGroup section */

/* Begin PBXNativeTarget section */
		68DDB15D272E97140053602E /* IZ*ONE_iOSAPP */ = {
			isa = PBXNativeTarget;
			buildConfigurationList = 68DDB16D272E97140053602E /* Build configuration list for PBXNativeTarget "IZ*ONE_iOSAPP" */;
			buildPhases = (
				68DDB15A272E97140053602E /* Sources */,
				68DDB15B272E97140053602E /* Frameworks */,
				68DDB15C272E97140053602E /* Resources */,
			);
			buildRules = (
			);
			dependencies = (
			);
			name = "IZ*ONE_iOSAPP";
			productName = "IZ*ONE_iOSAPP";
			productReference = 68DDB15E272E97140053602E /* IZ*ONE_iOSAPP.app */;
			productType = "com.apple.product-type.application";
		};
/* End PBXNativeTarget section */

/* Begin PBXProject section */
		68DDB156272E97140053602E /* Project object */ = {
			isa = PBXProject;
			attributes = {
				LastSwiftUpdateCheck = 1250;
				LastUpgradeCheck = 1250;
				TargetAttributes = {
					68DDB15D272E97140053602E = {
						CreatedOnToolsVersion = 12.5.1;
					};
				};
			};
			buildConfigurationList = 68DDB159272E97140053602E /* Build configuration list for PBXProject "IZ*ONE_iOSAPP" */;
			compatibilityVersion = "Xcode 9.3";
			developmentRegion = en;
			hasScannedForEncodings = 0;
			knownRegions = (
				en,
				Base,
			);
			mainGroup = 68DDB155272E97140053602E;
			productRefGroup = 68DDB15F272E97140053602E /* Products */;
			projectDirPath = "";
			projectRoot = "";
			targets = (
				68DDB15D272E97140053602E /* IZ*ONE_iOSAPP */,
			);
		};
/* End PBXProject section */

/* Begin PBXResourcesBuildPhase section */
		68DDB15C272E97140053602E /* Resources */ = {
			isa = PBXResourcesBuildPhase;
			buildActionMask = 2147483647;
			files = (
				687C169E2737088900587F19 /* DAYDREAM.mp3 in Resources */,
				687C16992737088900587F19 /* SO CURIOUS.mp3 in Resources */,
				687C169B2737088900587F19 /* DREAMLIKE.mp3 in Resources */,
				687C16942737088900587F19 /* EYES.mp3 in Resources */,
				687C169D2737088900587F19 /* SPACESHIP.mp3 in Resources */,
				687C16982737088900587F19 /* PINK BLUSHER.mp3 in Resources */,
				687C16952737088900587F19 /* 언젠가 우리의 밤도 지나가겠죠 (SOMEDAY) 2.mp3 in Resources */,
				687C16962737088900587F19 /* 우연이 아니야 (DESTINY) 2.mp3 in Resources */,
				687C16972737088900587F19 /* YOU & I.mp3 in Resources */,
				687C169A2737088900587F19 /* AYAYAYA.mp3 in Resources */,
				687C169C2737088900587F19 /* OPEN YOUR EYES.mp3 in Resources */,
				68DDB169272E97140053602E /* Preview Assets.xcassets in Resources */,
				68DDB166272E97140053602E /* Assets.xcassets in Resources */,
			);
			runOnlyForDeploymentPostprocessing = 0;
		};
/* End PBXResourcesBuildPhase section */

/* Begin PBXSourcesBuildPhase section */
		68DDB15A272E97140053602E /* Sources */ = {
			isa = PBXSourcesBuildPhase;
			buildActionMask = 2147483647;
			files = (
				68DDB190273182270053602E /* dataFile.swift in Sources */,
				68DDB175272E9D8F0053602E /* musicView.swift in Sources */,
				68DDB1A527355C1F0053602E /* MemberView.swift in Sources */,
				68DDB171272E9D580053602E /* mainView.swift in Sources */,
				68DDB164272E97140053602E /* ContentView.swift in Sources */,
				68DDB177272E9D9F0053602E /* moreView.swift in Sources */,
				68DDB162272E97140053602E /* IZ_ONE_iOSAPPApp.swift in Sources */,
			);
			runOnlyForDeploymentPostprocessing = 0;
		};
/* End PBXSourcesBuildPhase section */

/* Begin XCBuildConfiguration section */
		68DDB16B272E97140053602E /* Debug */ = {
			isa = XCBuildConfiguration;
			buildSettings = {
				ALWAYS_SEARCH_USER_PATHS = NO;
				CLANG_ANALYZER_NONNULL = YES;
				CLANG_ANALYZER_NUMBER_OBJECT_CONVERSION = YES_AGGRESSIVE;
				CLANG_CXX_LANGUAGE_STANDARD = "gnu++14";
				CLANG_CXX_LIBRARY = "libc++";
				CLANG_ENABLE_MODULES = YES;
				CLANG_ENABLE_OBJC_ARC = YES;
				CLANG_ENABLE_OBJC_WEAK = YES;
				CLANG_WARN_BLOCK_CAPTURE_AUTORELEASING = YES;
				CLANG_WARN_BOOL_CONVERSION = YES;
				CLANG_WARN_COMMA = YES;
				CLANG_WARN_CONSTANT_CONVERSION = YES;
				CLANG_WARN_DEPRECATED_OBJC_IMPLEMENTATIONS = YES;
				CLANG_WARN_DIRECT_OBJC_ISA_USAGE = YES_ERROR;
				CLANG_WARN_DOCUMENTATION_COMMENTS = YES;
				CLANG_WARN_EMPTY_BODY = YES;
				CLANG_WARN_ENUM_CONVERSION = YES;
				CLANG_WARN_INFINITE_RECURSION = YES;
				CLANG_WARN_INT_CONVERSION = YES;
				CLANG_WARN_NON_LITERAL_NULL_CONVERSION = YES;
				CLANG_WARN_OBJC_IMPLICIT_RETAIN_SELF = YES;
				CLANG_WARN_OBJC_LITERAL_CONVERSION = YES;
				CLANG_WARN_OBJC_ROOT_CLASS = YES_ERROR;
				CLANG_WARN_QUOTED_INCLUDE_IN_FRAMEWORK_HEADER = YES;
				CLANG_WARN_RANGE_LOOP_ANALYSIS = YES;
				CLANG_WARN_STRICT_PROTOTYPES = YES;
				CLANG_WARN_SUSPICIOUS_MOVE = YES;
				CLANG_WARN_UNGUARDED_AVAILABILITY = YES_AGGRESSIVE;
				CLANG_WARN_UNREACHABLE_CODE = YES;
				CLANG_WARN__DUPLICATE_METHOD_MATCH = YES;
				COPY_PHASE_STRIP = NO;
				DEBUG_INFORMATION_FORMAT = dwarf;
				ENABLE_STRICT_OBJC_MSGSEND = YES;
				ENABLE_TESTABILITY = YES;
				GCC_C_LANGUAGE_STANDARD = gnu11;
				GCC_DYNAMIC_NO_PIC = NO;
				GCC_NO_COMMON_BLOCKS = YES;
				GCC_OPTIMIZATION_LEVEL = 0;
				GCC_PREPROCESSOR_DEFINITIONS = (
					"DEBUG=1",
					"$(inherited)",
				);
				GCC_WARN_64_TO_32_BIT_CONVERSION = YES;
				GCC_WARN_ABOUT_RETURN_TYPE = YES_ERROR;
				GCC_WARN_UNDECLARED_SELECTOR = YES;
				GCC_WARN_UNINITIALIZED_AUTOS = YES_AGGRESSIVE;
				GCC_WARN_UNUSED_FUNCTION = YES;
				GCC_WARN_UNUSED_VARIABLE = YES;
				IPHONEOS_DEPLOYMENT_TARGET = 14.5;
				MTL_ENABLE_DEBUG_INFO = INCLUDE_SOURCE;
				MTL_FAST_MATH = YES;
				ONLY_ACTIVE_ARCH = YES;
				SDKROOT = iphoneos;
				SWIFT_ACTIVE_COMPILATION_CONDITIONS = DEBUG;
				SWIFT_OPTIMIZATION_LEVEL = "-Onone";
			};
			name = Debug;
		};
		68DDB16C272E97140053602E /* Release */ = {
			isa = XCBuildConfiguration;
			buildSettings = {
				ALWAYS_SEARCH_USER_PATHS = NO;
				CLANG_ANALYZER_NONNULL = YES;
				CLANG_ANALYZER_NUMBER_OBJECT_CONVERSION = YES_AGGRESSIVE;
				CLANG_CXX_LANGUAGE_STANDARD = "gnu++14";
				CLANG_CXX_LIBRARY = "libc++";
				CLANG_ENABLE_MODULES = YES;
				CLANG_ENABLE_OBJC_ARC = YES;
				CLANG_ENABLE_OBJC_WEAK = YES;
				CLANG_WARN_BLOCK_CAPTURE_AUTORELEASING = YES;
				CLANG_WARN_BOOL_CONVERSION = YES;
				CLANG_WARN_COMMA = YES;
				CLANG_WARN_CONSTANT_CONVERSION = YES;
				CLANG_WARN_DEPRECATED_OBJC_IMPLEMENTATIONS = YES;
				CLANG_WARN_DIRECT_OBJC_ISA_USAGE = YES_ERROR;
				CLANG_WARN_DOCUMENTATION_COMMENTS = YES;
				CLANG_WARN_EMPTY_BODY = YES;
				CLANG_WARN_ENUM_CONVERSION = YES;
				CLANG_WARN_INFINITE_RECURSION = YES;
				CLANG_WARN_INT_CONVERSION = YES;
				CLANG_WARN_NON_LITERAL_NULL_CONVERSION = YES;
				CLANG_WARN_OBJC_IMPLICIT_RETAIN_SELF = YES;
				CLANG_WARN_OBJC_LITERAL_CONVERSION = YES;
				CLANG_WARN_OBJC_ROOT_CLASS = YES_ERROR;
				CLANG_WARN_QUOTED_INCLUDE_IN_FRAMEWORK_HEADER = YES;
				CLANG_WARN_RANGE_LOOP_ANALYSIS = YES;
				CLANG_WARN_STRICT_PROTOTYPES = YES;
				CLANG_WARN_SUSPICIOUS_MOVE = YES;
				CLANG_WARN_UNGUARDED_AVAILABILITY = YES_AGGRESSIVE;
				CLANG_WARN_UNREACHABLE_CODE = YES;
				CLANG_WARN__DUPLICATE_METHOD_MATCH = YES;
				COPY_PHASE_STRIP = NO;
				DEBUG_INFORMATION_FORMAT = "dwarf-with-dsym";
				ENABLE_NS_ASSERTIONS = NO;
				ENABLE_STRICT_OBJC_MSGSEND = YES;
				GCC_C_LANGUAGE_STANDARD = gnu11;
				GCC_NO_COMMON_BLOCKS = YES;
				GCC_WARN_64_TO_32_BIT_CONVERSION = YES;
				GCC_WARN_ABOUT_RETURN_TYPE = YES_ERROR;
				GCC_WARN_UNDECLARED_SELECTOR = YES;
				GCC_WARN_UNINITIALIZED_AUTOS = YES_AGGRESSIVE;
				GCC_WARN_UNUSED_FUNCTION = YES;
				GCC_WARN_UNUSED_VARIABLE = YES;
				IPHONEOS_DEPLOYMENT_TARGET = 14.5;
				MTL_ENABLE_DEBUG_INFO = NO;
				MTL_FAST_MATH = YES;
				SDKROOT = iphoneos;
				SWIFT_COMPILATION_MODE = wholemodule;
				SWIFT_OPTIMIZATION_LEVEL = "-O";
				VALIDATE_PRODUCT = YES;
			};
			name = Release;
		};
		68DDB16E272E97140053602E /* Debug */ = {
			isa = XCBuildConfiguration;
			buildSettings = {
				ASSETCATALOG_COMPILER_GLOBAL_ACCENT_COLOR_NAME = AccentColor;
				CODE_SIGN_ENTITLEMENTS = "IZ*ONE_iOSAPP/IZ*ONE_iOSAPP.entitlements";
				CODE_SIGN_STYLE = Automatic;
				DEVELOPMENT_ASSET_PATHS = "\"IZ*ONE_iOSAPP/Preview Content\"";
				ENABLE_PREVIEWS = YES;
				INFOPLIST_FILE = "IZ*ONE_iOSAPP/Info.plist";
				IPHONEOS_DEPLOYMENT_TARGET = 14.1;
				LD_RUNPATH_SEARCH_PATHS = (
					"$(inherited)",
					"@executable_path/Frameworks",
				);
				PRODUCT_BUNDLE_IDENTIFIER = "---.IZ-ONE-iOSAPP";
				PRODUCT_NAME = "$(TARGET_NAME)";
				SUPPORTS_MACCATALYST = NO;
				SWIFT_VERSION = 5.0;
				TARGETED_DEVICE_FAMILY = "1,2";
			};
			name = Debug;
		};
		68DDB16F272E97140053602E /* Release */ = {
			isa = XCBuildConfiguration;
			buildSettings = {
				ASSETCATALOG_COMPILER_GLOBAL_ACCENT_COLOR_NAME = AccentColor;
				CODE_SIGN_ENTITLEMENTS = "IZ*ONE_iOSAPP/IZ*ONE_iOSAPP.entitlements";
				CODE_SIGN_STYLE = Automatic;
				DEVELOPMENT_ASSET_PATHS = "\"IZ*ONE_iOSAPP/Preview Content\"";
				ENABLE_PREVIEWS = YES;
				INFOPLIST_FILE = "IZ*ONE_iOSAPP/Info.plist";
				IPHONEOS_DEPLOYMENT_TARGET = 14.1;
				LD_RUNPATH_SEARCH_PATHS = (
					"$(inherited)",
					"@executable_path/Frameworks",
				);
				PRODUCT_BUNDLE_IDENTIFIER = "---.IZ-ONE-iOSAPP";
				PRODUCT_NAME = "$(TARGET_NAME)";
				SUPPORTS_MACCATALYST = NO;
				SWIFT_VERSION = 5.0;
				TARGETED_DEVICE_FAMILY = "1,2";
			};
			name = Release;
		};
/* End XCBuildConfiguration section */

/* Begin XCConfigurationList section */
		68DDB159272E97140053602E /* Build configuration list for PBXProject "IZ*ONE_iOSAPP" */ = {
			isa = XCConfigurationList;
			buildConfigurations = (
				68DDB16B272E97140053602E /* Debug */,
				68DDB16C272E97140053602E /* Release */,
			);
			defaultConfigurationIsVisible = 0;
			defaultConfigurationName = Release;
		};
		68DDB16D272E97140053602E /* Build configuration list for PBXNativeTarget "IZ*ONE_iOSAPP" */ = {
			isa = XCConfigurationList;
			buildConfigurations = (
				68DDB16E272E97140053602E /* Debug */,
				68DDB16F272E97140053602E /* Release */,
			);
			defaultConfigurationIsVisible = 0;
			defaultConfigurationName = Release;
		};
/* End XCConfigurationList section */
	};
	rootObject = 68DDB156272E97140053602E /* Project object */;
}
